
Microsoft Visual Studio Solution File, Format Version 12.00
# Visual Studio Version 17
VisualStudioVersion = 17.5.33502.453
MinimumVisualStudioVersion = 10.0.40219.1
Project("{8BC9CEB8-8B4A-11D0-8D11-00A0C91BC942}") = "ConsoleApplication16", "ConsoleApplication16.vcxproj", "{218086C7-D417-4C32-900E-1495C203C57C}"
EndProject
Global
	GlobalSection(SolutionConfigurationPlatforms) = preSolution
		Debug|x64 = Debug|x64
		Debug|x86 = Debug|x86
		Release|x64 = Release|x64
		Release|x86 = Release|x86
	EndGlobalSection
	GlobalSection(ProjectConfigurationPlatforms) = postSolution
		{218086C7-D417-4C32-900E-1495C203C57C}.Debug|x64.ActiveCfg = Debug|x64
		{218086C7-D417-4C32-900E-1495C203C57C}.Debug|x64.Build.0 = Debug|x64
		{218086C7-D417-4C32-900E-1495C203C57C}.Debug|x86.ActiveCfg = Debug|Win32
		{218086C7-D417-4C32-900E-1495C203C57C}.Debug|x86.Build.0 = Debug|Win32
		{218086C7-D417-4C32-900E-1495C203C57C}.Release|x64.ActiveCfg = Release|x64
		{218086C7-D417-4C32-900E-1495C203C57C}.Release|x64.Build.0 = Release|x64
		{218086C7-D417-4C32-900E-1495C203C57C}.Release|x86.ActiveCfg = Release|Win32
		{218086C7-D417-4C32-900E-1495C203C57C}.Release|x86.Build.0 = Release|Win32
	EndGlobalSection
	GlobalSection(SolutionProperties) = preSolution
		HideSolutionNode = FALSE
	EndGlobalSection
	GlobalSection(ExtensibilityGlobals) = postSolution
		SolutionGuid = {6DDF5C90-FD2C-4940-A044-51FCCB2A85F5}
	EndGlobalSection
EndGlobal
